
Microsoft Visual Studio Solution File, Format Version 12.00
# Visual Studio Version 17
VisualStudioVersion = 17.3.32929.385
MinimumVisualStudioVersion = 10.0.40219.1
Project("{FAE04EC0-301F-11D3-BF4B-00C04F79EFBC}") = "二维码生成器", "二维码生成器.csproj", "{84D31639-2B22-488B-BBDB-2920BE7E432F}"
EndProject
Global
	GlobalSection(SolutionConfigurationPlatforms) = preSolution
		Debug|Any CPU = Debug|Any CPU
		Release|Any CPU = Release|Any CPU
	EndGlobalSection
	GlobalSection(ProjectConfigurationPlatforms) = postSolution
		{84D31639-2B22-488B-BBDB-2920BE7E432F}.Debug|Any CPU.ActiveCfg = Debug|Any CPU
		{84D31639-2B22-488B-BBDB-2920BE7E432F}.Debug|Any CPU.Build.0 = Debug|Any CPU
		{84D31639-2B22-488B-BBDB-2920BE7E432F}.Release|Any CPU.ActiveCfg = Release|Any CPU
		{84D31639-2B22-488B-BBDB-2920BE7E432F}.Release|Any CPU.Build.0 = Release|Any CPU
	EndGlobalSection
	GlobalSection(SolutionProperties) = preSolution
		HideSolutionNode = FALSE
	EndGlobalSection
	GlobalSection(ExtensibilityGlobals) = postSolution
		SolutionGuid = {6F4E80DD-B9BA-4CED-9EDF-6AA3E1FF1F30}
	EndGlobalSection
EndGlobal
